
Microsoft Visual Studio Solution File, Format Version 12.00
# Visual Studio 2012
Project("{FAE04EC0-301F-11D3-BF4B-00C04F79EFBC}") = "Web", "Web\Web.csproj", "{06C1FA5D-08A0-4F97-8456-D80AB900D47F}"
EndProject
Project("{FAE04EC0-301F-11D3-BF4B-00C04F79EFBC}") = "Test", "Test\Test.csproj", "{F185E855-AAD8-4B9E-A31F-6123CBD773CC}"
EndProject
Global
	GlobalSection(SolutionConfigurationPlatforms) = preSolution
		Debug|Any CPU = Debug|Any CPU
		Release|Any CPU = Release|Any CPU
	EndGlobalSection
	GlobalSection(ProjectConfigurationPlatforms) = postSolution
		{06C1FA5D-08A0-4F97-8456-D80AB900D47F}.Debug|Any CPU.ActiveCfg = Debug|Any CPU
		{06C1FA5D-08A0-4F97-8456-D80AB900D47F}.Debug|Any CPU.Build.0 = Debug|Any CPU
		{06C1FA5D-08A0-4F97-8456-D80AB900D47F}.Release|Any CPU.ActiveCfg = Release|Any CPU
		{06C1FA5D-08A0-4F97-8456-D80AB900D47F}.Release|Any CPU.Build.0 = Release|Any CPU
		{F185E855-AAD8-4B9E-A31F-6123CBD773CC}.Debug|Any CPU.ActiveCfg = Debug|Any CPU
		{F185E855-AAD8-4B9E-A31F-6123CBD773CC}.Debug|Any CPU.Build.0 = Debug|Any CPU
		{F185E855-AAD8-4B9E-A31F-6123CBD773CC}.Release|Any CPU.ActiveCfg = Release|Any CPU
		{F185E855-AAD8-4B9E-A31F-6123CBD773CC}.Release|Any CPU.Build.0 = Release|Any CPU
	EndGlobalSection
	GlobalSection(SolutionProperties) = preSolution
		HideSolutionNode = FALSE
	EndGlobalSection
EndGlobal
